
Microsoft Visual Studio Solution File, Format Version 12.00
# Visual Studio Version 17
VisualStudioVersion = 17.7.34031.279
MinimumVisualStudioVersion = 10.0.40219.1
Project("{8BC9CEB8-8B4A-11D0-8D11-00A0C91BC942}") = "Project13.2.2", "Project13.2.2\Project13.2.2.vcxproj", "{F27AA243-ACF9-4FCA-AEDF-3ADE578C85E0}"
EndProject
Project("{8BC9CEB8-8B4A-11D0-8D11-00A0C91BC942}") = "UnitTest1", "UnitTest1\UnitTest1.vcxproj", "{FBF4927C-5A9C-4FE7-8475-18B639810512}"
EndProject
Global
	GlobalSection(SolutionConfigurationPlatforms) = preSolution
		Debug|x64 = Debug|x64
		Debug|x86 = Debug|x86
		Release|x64 = Release|x64
		Release|x86 = Release|x86
	EndGlobalSection
	GlobalSection(ProjectConfigurationPlatforms) = postSolution
		{F27AA243-ACF9-4FCA-AEDF-3ADE578C85E0}.Debug|x64.ActiveCfg = Debug|x64
		{F27AA243-ACF9-4FCA-AEDF-3ADE578C85E0}.Debug|x64.Build.0 = Debug|x64
		{F27AA243-ACF9-4FCA-AEDF-3ADE578C85E0}.Debug|x86.ActiveCfg = Debug|Win32
		{F27AA243-ACF9-4FCA-AEDF-3ADE578C85E0}.Debug|x86.Build.0 = Debug|Win32
		{F27AA243-ACF9-4FCA-AEDF-3ADE578C85E0}.Release|x64.ActiveCfg = Release|x64
		{F27AA243-ACF9-4FCA-AEDF-3ADE578C85E0}.Release|x64.Build.0 = Release|x64
		{F27AA243-ACF9-4FCA-AEDF-3ADE578C85E0}.Release|x86.ActiveCfg = Release|Win32
		{F27AA243-ACF9-4FCA-AEDF-3ADE578C85E0}.Release|x86.Build.0 = Release|Win32
		{FBF4927C-5A9C-4FE7-8475-18B639810512}.Debug|x64.ActiveCfg = Debug|x64
		{FBF4927C-5A9C-4FE7-8475-18B639810512}.Debug|x64.Build.0 = Debug|x64
		{FBF4927C-5A9C-4FE7-8475-18B639810512}.Debug|x86.ActiveCfg = Debug|Win32
		{FBF4927C-5A9C-4FE7-8475-18B639810512}.Debug|x86.Build.0 = Debug|Win32
		{FBF4927C-5A9C-4FE7-8475-18B639810512}.Release|x64.ActiveCfg = Release|x64
		{FBF4927C-5A9C-4FE7-8475-18B639810512}.Release|x64.Build.0 = Release|x64
		{FBF4927C-5A9C-4FE7-8475-18B639810512}.Release|x86.ActiveCfg = Release|Win32
		{FBF4927C-5A9C-4FE7-8475-18B639810512}.Release|x86.Build.0 = Release|Win32
	EndGlobalSection
	GlobalSection(SolutionProperties) = preSolution
		HideSolutionNode = FALSE
	EndGlobalSection
	GlobalSection(ExtensibilityGlobals) = postSolution
		SolutionGuid = {586301A2-BC33-42BE-BD70-EA8D99F0059C}
	EndGlobalSection
EndGlobal
